
Microsoft Visual Studio Solution File, Format Version 12.00
# Visual Studio Version 16
VisualStudioVersion = 16.0.31624.102
MinimumVisualStudioVersion = 10.0.40219.1
Project("{FAE04EC0-301F-11D3-BF4B-00C04F79EFBC}") = "EvolvoBestPractice", "EvolvoBestPractice\EvolvoBestPractice.csproj", "{933A4C3D-27B5-4A5D-99DF-0548D1CEB5CF}"
EndProject
Global
	GlobalSection(SolutionConfigurationPlatforms) = preSolution
		Debug|Any CPU = Debug|Any CPU
		Release|Any CPU = Release|Any CPU
	EndGlobalSection
	GlobalSection(ProjectConfigurationPlatforms) = postSolution
		{933A4C3D-27B5-4A5D-99DF-0548D1CEB5CF}.Debug|Any CPU.ActiveCfg = Debug|Any CPU
		{933A4C3D-27B5-4A5D-99DF-0548D1CEB5CF}.Debug|Any CPU.Build.0 = Debug|Any CPU
		{933A4C3D-27B5-4A5D-99DF-0548D1CEB5CF}.Release|Any CPU.ActiveCfg = Release|Any CPU
		{933A4C3D-27B5-4A5D-99DF-0548D1CEB5CF}.Release|Any CPU.Build.0 = Release|Any CPU
	EndGlobalSection
	GlobalSection(SolutionProperties) = preSolution
		HideSolutionNode = FALSE
	EndGlobalSection
	GlobalSection(ExtensibilityGlobals) = postSolution
		SolutionGuid = {3ED52F7E-3881-49E4-8225-AAE87101D81D}
	EndGlobalSection
EndGlobal
